
Microsoft Visual Studio Solution File, Format Version 12.00
# Visual Studio 15
VisualStudioVersion = 15.0.27703.2000
MinimumVisualStudioVersion = 10.0.40219.1
Project("{FAE04EC0-301F-11D3-BF4B-00C04F79EFBC}") = "hactoolgui", "hactoolgui\hactoolgui.csproj", "{9FF2A61A-C664-40B9-9909-45B4030D9B5E}"
EndProject
Global
	GlobalSection(SolutionConfigurationPlatforms) = preSolution
		Debug|Any CPU = Debug|Any CPU
		Release|Any CPU = Release|Any CPU
	EndGlobalSection
	GlobalSection(ProjectConfigurationPlatforms) = postSolution
		{9FF2A61A-C664-40B9-9909-45B4030D9B5E}.Debug|Any CPU.ActiveCfg = Debug|Any CPU
		{9FF2A61A-C664-40B9-9909-45B4030D9B5E}.Debug|Any CPU.Build.0 = Debug|Any CPU
		{9FF2A61A-C664-40B9-9909-45B4030D9B5E}.Release|Any CPU.ActiveCfg = Release|Any CPU
		{9FF2A61A-C664-40B9-9909-45B4030D9B5E}.Release|Any CPU.Build.0 = Release|Any CPU
	EndGlobalSection
	GlobalSection(SolutionProperties) = preSolution
		HideSolutionNode = FALSE
	EndGlobalSection
	GlobalSection(ExtensibilityGlobals) = postSolution
		SolutionGuid = {9F745C0F-8859-425F-8FDA-BF9E0A6FA890}
	EndGlobalSection
EndGlobal
